
Microsoft Visual Studio Solution File, Format Version 12.00
# Visual Studio Version 17
VisualStudioVersion = 17.0.32002.185
MinimumVisualStudioVersion = 10.0.40219.1
Project("{FAE04EC0-301F-11D3-BF4B-00C04F79EFBC}") = "HomeWork2", "HomeWork2.csproj", "{53F1A314-768E-499A-A6DB-DA3C44350624}"
EndProject
Global
	GlobalSection(SolutionConfigurationPlatforms) = preSolution
		Debug|Any CPU = Debug|Any CPU
		Release|Any CPU = Release|Any CPU
	EndGlobalSection
	GlobalSection(ProjectConfigurationPlatforms) = postSolution
		{53F1A314-768E-499A-A6DB-DA3C44350624}.Debug|Any CPU.ActiveCfg = Debug|Any CPU
		{53F1A314-768E-499A-A6DB-DA3C44350624}.Debug|Any CPU.Build.0 = Debug|Any CPU
		{53F1A314-768E-499A-A6DB-DA3C44350624}.Release|Any CPU.ActiveCfg = Release|Any CPU
		{53F1A314-768E-499A-A6DB-DA3C44350624}.Release|Any CPU.Build.0 = Release|Any CPU
	EndGlobalSection
	GlobalSection(SolutionProperties) = preSolution
		HideSolutionNode = FALSE
	EndGlobalSection
	GlobalSection(ExtensibilityGlobals) = postSolution
		SolutionGuid = {36CAE275-7870-4DEC-8938-C60AEB049FF0}
	EndGlobalSection
EndGlobal
